
Microsoft Visual Studio Solution File, Format Version 12.00
# Visual Studio 2013
VisualStudioVersion = 12.0.31101.0
MinimumVisualStudioVersion = 10.0.40219.1
Project("{FAE04EC0-301F-11D3-BF4B-00C04F79EFBC}") = "XMLReaderWriter", "XMLReaderWriter\XMLReaderWriter.csproj", "{AC3CA288-FD0D-47DC-B4D0-158B52BB509C}"
EndProject
Project("{FAE04EC0-301F-11D3-BF4B-00C04F79EFBC}") = "XMLSchemaTest", "XMLSchemaTest\XMLSchemaTest.csproj", "{F8003709-C8C2-4E07-A298-510F4EE0A568}"
EndProject
Project("{FAE04EC0-301F-11D3-BF4B-00C04F79EFBC}") = "EventSourceExample", "EventSourceExample\EventSourceExample.csproj", "{50D43EA2-5BBA-4247-8E1F-FFBE36B93EB9}"
EndProject
Project("{FAE04EC0-301F-11D3-BF4B-00C04F79EFBC}") = "StorageExecutor", "StorageExecutor\StorageExecutor.csproj", "{F731CDFA-7747-40F8-BCD6-FDFCCBD203E5}"
EndProject
Project("{FAE04EC0-301F-11D3-BF4B-00C04F79EFBC}") = "AttributeExample", "AttributeExample\AttributeExample.csproj", "{72519400-CCB8-4494-968B-10C7751CAA22}"
EndProject
Project("{FAE04EC0-301F-11D3-BF4B-00C04F79EFBC}") = "ReadonlyDictionaryTest", "ReadonlyDictionaryTest\ReadonlyDictionaryTest.csproj", "{29E23CA0-B41B-45CE-8DCD-4BCC2CAD4475}"
EndProject
Project("{FAE04EC0-301F-11D3-BF4B-00C04F79EFBC}") = "TokenBasedAuthentication", "\\imtfs\scratch\shuwa\CSharp\TokenBasedAuthentication\TokenBasedAuthentication.csproj", "{0B31B387-7A0C-4339-A188-7516F4C5654D}"
EndProject
Project("{FAE04EC0-301F-11D3-BF4B-00C04F79EFBC}") = "ProductsApp", "ProductsApp\ProductsApp.csproj", "{1D445FCA-6850-4A9A-86E7-527728D51CE3}"
EndProject
Project("{FAE04EC0-301F-11D3-BF4B-00C04F79EFBC}") = "ResolveXMLInvalidChars", "ResolveXMLInvalidChars\ResolveXMLInvalidChars.csproj", "{8E68804D-94FD-4244-B9BB-3BC79A7C1C55}"
EndProject
Project("{FAE04EC0-301F-11D3-BF4B-00C04F79EFBC}") = "OwinSelfhostSample", "OwinSelfhostSample\OwinSelfhostSample.csproj", "{D6854231-45BD-4446-9698-2E959C5E6A55}"
EndProject
Project("{2150E333-8FDC-42A3-9474-1A3956D46DE8}") = ".nuget", ".nuget", "{9F33D4CB-ACAC-40A6-B7CA-D538D4C0654B}"
	ProjectSection(SolutionItems) = preProject
		.nuget\NuGet.Config = .nuget\NuGet.Config
		.nuget\NuGet.exe = .nuget\NuGet.exe
		.nuget\NuGet.targets = .nuget\NuGet.targets
	EndProjectSection
EndProject
Project("{FAE04EC0-301F-11D3-BF4B-00C04F79EFBC}") = "Versioning.cs", "Versioning.cs\Versioning.cs.csproj", "{AD0D7547-805B-40A0-83A4-465ADBF43356}"
EndProject
Project("{FAE04EC0-301F-11D3-BF4B-00C04F79EFBC}") = "MyCollection", "MyCollection\MyCollection.csproj", "{DEBE8728-8A5A-423B-A4D1-F8060BD23799}"
EndProject
Project("{FAE04EC0-301F-11D3-BF4B-00C04F79EFBC}") = "ExplicitInterfaceImplementation", "ExplicitInterfaceImplementation\ExplicitInterfaceImplementation.csproj", "{0354C00C-9E82-4E8C-A01B-8A8F4382A229}"
EndProject
Project("{FAE04EC0-301F-11D3-BF4B-00C04F79EFBC}") = "FileByteArray", "FileByteArray\FileByteArray.csproj", "{7318A0DD-55E3-45EB-8649-A82E41F1FBC2}"
EndProject
Project("{FAE04EC0-301F-11D3-BF4B-00C04F79EFBC}") = "IndexedProperties", "IndexedProperties\IndexedProperties.csproj", "{3FBF65EA-7EA6-4DE4-80A7-0556CC7CBA97}"
EndProject
Project("{FAE04EC0-301F-11D3-BF4B-00C04F79EFBC}") = "EventExampleOne", "EventExampleOne\EventExampleOne.csproj", "{671B330B-5C5C-43A6-8472-988C7E612AF8}"
EndProject
Project("{FAE04EC0-301F-11D3-BF4B-00C04F79EFBC}") = "ConditionalMethods", "ConditionalMethods\ConditionalMethods.csproj", "{83DFB0E4-0E16-4069-86AE-48636E7CC0F6}"
EndProject
Project("{FAE04EC0-301F-11D3-BF4B-00C04F79EFBC}") = "ThreadExample", "ThreadExample\ThreadExample.csproj", "{F63A08F5-2CCF-4378-9D91-A7C2D4879280}"
EndProject
Project("{FAE04EC0-301F-11D3-BF4B-00C04F79EFBC}") = "ProducerConsumerExample", "ProducerConsumerExample\ProducerConsumerExample.csproj", "{24D9FCE3-0E86-4530-B944-EA858DE80C40}"
EndProject
Project("{FAE04EC0-301F-11D3-BF4B-00C04F79EFBC}") = "ThreadPoolExample", "ThreadPoolExample\ThreadPoolExample.csproj", "{DC4C9534-078C-48EA-AD73-17FFC616D429}"
EndProject
Project("{FAE04EC0-301F-11D3-BF4B-00C04F79EFBC}") = "UsingTheMutexObject", "UsingTheMutexObject\UsingTheMutexObject.csproj", "{6F0002DC-57C6-4684-B6C4-57376D37694D}"
EndProject
Project("{FAE04EC0-301F-11D3-BF4B-00C04F79EFBC}") = "SimpleWebApiSite", "SimpleWebApiSite\SimpleWebApiSite.csproj", "{2CB01756-E293-4838-A085-192444FDD807}"
EndProject
Project("{FAE04EC0-301F-11D3-BF4B-00C04F79EFBC}") = "ServiceBusTopicSubscription", "ServiceBusTopicSubscription\ServiceBusTopicSubscription.csproj", "{59A8C57D-7374-482B-A315-481797D3FA87}"
EndProject
Project("{202899A3-C531-4771-9089-0213D66978AE}") = "ScopeApplicationTest", "ScopeApplicationTest\ScopeApplicationTest.scopeproj", "{C77F89C2-D433-4362-9EF8-D811790D8943}"
EndProject
Project("{FAE04EC0-301F-11D3-BF4B-00C04F79EFBC}") = "ServiceBusRelayClient", "ServiceBusRelayClient\ServiceBusRelayClient.csproj", "{5CDB4F18-44D8-40D1-AAF6-E45B4CA1653C}"
EndProject
Project("{FAE04EC0-301F-11D3-BF4B-00C04F79EFBC}") = "ServiceBusRelayServer", "ServiceBusRelayServer\ServiceBusRelayServer.csproj", "{097F18EB-AC4A-48CC-92A8-15EBC459B162}"
EndProject
Project("{FAE04EC0-301F-11D3-BF4B-00C04F79EFBC}") = "AsyncAwait", "AsyncAwait\AsyncAwait.csproj", "{CD90AC54-1101-4AE0-99A7-83C1F0E35E4D}"
EndProject
Project("{FAE04EC0-301F-11D3-BF4B-00C04F79EFBC}") = "StringBuilderTest", "StringBuilderTest\StringBuilderTest.csproj", "{440282DB-E4A8-46FF-A0E5-9B309EB30019}"
EndProject
Project("{FAE04EC0-301F-11D3-BF4B-00C04F79EFBC}") = "FuncDelegateExample", "FuncDelegateExample\FuncDelegateExample.csproj", "{F4520C52-794D-4D02-905E-1985F0903670}"
EndProject
Project("{FAE04EC0-301F-11D3-BF4B-00C04F79EFBC}") = "XMLSerializer", "XMLSerializer\XMLSerializer.csproj", "{7A9D7024-E934-4FE3-B9EC-35B9C6582D4C}"
EndProject
Project("{FAE04EC0-301F-11D3-BF4B-00C04F79EFBC}") = "XMLToObject", "XMLToObject\XMLToObject.csproj", "{B3C4E2D4-4BE6-4A5D-A443-DE51B14F6991}"
EndProject
Project("{FAE04EC0-301F-11D3-BF4B-00C04F79EFBC}") = "ReadBinaryFile", "ReadBinaryFile\ReadBinaryFile.csproj", "{07A11092-281A-4CF3-9E94-8CDF9AECDC53}"
EndProject
Project("{FAE04EC0-301F-11D3-BF4B-00C04F79EFBC}") = "DateTimeExample", "DateTimeExample\DateTimeExample.csproj", "{035BC285-3613-49D5-A660-CF2CDFA88C6E}"
EndProject
Project("{FAE04EC0-301F-11D3-BF4B-00C04F79EFBC}") = "ParallelExample", "ParallelExample\ParallelExample.csproj", "{C978FD09-0696-4A62-9428-1A63E89F095A}"
EndProject
Project("{FAE04EC0-301F-11D3-BF4B-00C04F79EFBC}") = "ResetEventHubPartitionOffset", "ResetEventHubPartitionOffset\ResetEventHubPartitionOffset.csproj", "{5BC34CA5-4F59-4790-95CB-F716C0B02338}"
EndProject
Project("{FAE04EC0-301F-11D3-BF4B-00C04F79EFBC}") = "LogProcessor", "LogProcessor\LogProcessor.csproj", "{D0FDDDB0-5679-44A3-A663-687D8D118940}"
EndProject
Project("{FAE04EC0-301F-11D3-BF4B-00C04F79EFBC}") = "CastExample", "CastExample\CastExample.csproj", "{D08B1339-73C7-419D-B2D0-8005B9C474EA}"
EndProject
Global
	GlobalSection(SolutionConfigurationPlatforms) = preSolution
		Debug|Any CPU = Debug|Any CPU
		Release|Any CPU = Release|Any CPU
	EndGlobalSection
	GlobalSection(ProjectConfigurationPlatforms) = postSolution
		{AC3CA288-FD0D-47DC-B4D0-158B52BB509C}.Debug|Any CPU.ActiveCfg = Debug|Any CPU
		{AC3CA288-FD0D-47DC-B4D0-158B52BB509C}.Debug|Any CPU.Build.0 = Debug|Any CPU
		{AC3CA288-FD0D-47DC-B4D0-158B52BB509C}.Release|Any CPU.ActiveCfg = Release|Any CPU
		{AC3CA288-FD0D-47DC-B4D0-158B52BB509C}.Release|Any CPU.Build.0 = Release|Any CPU
		{F8003709-C8C2-4E07-A298-510F4EE0A568}.Debug|Any CPU.ActiveCfg = Debug|Any CPU
		{F8003709-C8C2-4E07-A298-510F4EE0A568}.Debug|Any CPU.Build.0 = Debug|Any CPU
		{F8003709-C8C2-4E07-A298-510F4EE0A568}.Release|Any CPU.ActiveCfg = Release|Any CPU
		{F8003709-C8C2-4E07-A298-510F4EE0A568}.Release|Any CPU.Build.0 = Release|Any CPU
		{50D43EA2-5BBA-4247-8E1F-FFBE36B93EB9}.Debug|Any CPU.ActiveCfg = Debug|Any CPU
		{50D43EA2-5BBA-4247-8E1F-FFBE36B93EB9}.Debug|Any CPU.Build.0 = Debug|Any CPU
		{50D43EA2-5BBA-4247-8E1F-FFBE36B93EB9}.Release|Any CPU.ActiveCfg = Release|Any CPU
		{50D43EA2-5BBA-4247-8E1F-FFBE36B93EB9}.Release|Any CPU.Build.0 = Release|Any CPU
		{F731CDFA-7747-40F8-BCD6-FDFCCBD203E5}.Debug|Any CPU.ActiveCfg = Debug|Any CPU
		{F731CDFA-7747-40F8-BCD6-FDFCCBD203E5}.Debug|Any CPU.Build.0 = Debug|Any CPU
		{F731CDFA-7747-40F8-BCD6-FDFCCBD203E5}.Release|Any CPU.ActiveCfg = Release|Any CPU
		{F731CDFA-7747-40F8-BCD6-FDFCCBD203E5}.Release|Any CPU.Build.0 = Release|Any CPU
		{72519400-CCB8-4494-968B-10C7751CAA22}.Debug|Any CPU.ActiveCfg = Debug|Any CPU
		{72519400-CCB8-4494-968B-10C7751CAA22}.Debug|Any CPU.Build.0 = Debug|Any CPU
		{72519400-CCB8-4494-968B-10C7751CAA22}.Release|Any CPU.ActiveCfg = Release|Any CPU
		{72519400-CCB8-4494-968B-10C7751CAA22}.Release|Any CPU.Build.0 = Release|Any CPU
		{29E23CA0-B41B-45CE-8DCD-4BCC2CAD4475}.Debug|Any CPU.ActiveCfg = Debug|Any CPU
		{29E23CA0-B41B-45CE-8DCD-4BCC2CAD4475}.Debug|Any CPU.Build.0 = Debug|Any CPU
		{29E23CA0-B41B-45CE-8DCD-4BCC2CAD4475}.Release|Any CPU.ActiveCfg = Release|Any CPU
		{29E23CA0-B41B-45CE-8DCD-4BCC2CAD4475}.Release|Any CPU.Build.0 = Release|Any CPU
		{0B31B387-7A0C-4339-A188-7516F4C5654D}.Debug|Any CPU.ActiveCfg = Debug|Any CPU
		{0B31B387-7A0C-4339-A188-7516F4C5654D}.Debug|Any CPU.Build.0 = Debug|Any CPU
		{0B31B387-7A0C-4339-A188-7516F4C5654D}.Release|Any CPU.ActiveCfg = Release|Any CPU
		{0B31B387-7A0C-4339-A188-7516F4C5654D}.Release|Any CPU.Build.0 = Release|Any CPU
		{1D445FCA-6850-4A9A-86E7-527728D51CE3}.Debug|Any CPU.ActiveCfg = Debug|Any CPU
		{1D445FCA-6850-4A9A-86E7-527728D51CE3}.Debug|Any CPU.Build.0 = Debug|Any CPU
		{1D445FCA-6850-4A9A-86E7-527728D51CE3}.Release|Any CPU.ActiveCfg = Release|Any CPU
		{1D445FCA-6850-4A9A-86E7-527728D51CE3}.Release|Any CPU.Build.0 = Release|Any CPU
		{8E68804D-94FD-4244-B9BB-3BC79A7C1C55}.Debug|Any CPU.ActiveCfg = Debug|Any CPU
		{8E68804D-94FD-4244-B9BB-3BC79A7C1C55}.Debug|Any CPU.Build.0 = Debug|Any CPU
		{8E68804D-94FD-4244-B9BB-3BC79A7C1C55}.Release|Any CPU.ActiveCfg = Release|Any CPU
		{8E68804D-94FD-4244-B9BB-3BC79A7C1C55}.Release|Any CPU.Build.0 = Release|Any CPU
		{D6854231-45BD-4446-9698-2E959C5E6A55}.Debug|Any CPU.ActiveCfg = Debug|Any CPU
		{D6854231-45BD-4446-9698-2E959C5E6A55}.Debug|Any CPU.Build.0 = Debug|Any CPU
		{D6854231-45BD-4446-9698-2E959C5E6A55}.Release|Any CPU.ActiveCfg = Release|Any CPU
		{D6854231-45BD-4446-9698-2E959C5E6A55}.Release|Any CPU.Build.0 = Release|Any CPU
		{AD0D7547-805B-40A0-83A4-465ADBF43356}.Debug|Any CPU.ActiveCfg = Debug|Any CPU
		{AD0D7547-805B-40A0-83A4-465ADBF43356}.Debug|Any CPU.Build.0 = Debug|Any CPU
		{AD0D7547-805B-40A0-83A4-465ADBF43356}.Release|Any CPU.ActiveCfg = Release|Any CPU
		{AD0D7547-805B-40A0-83A4-465ADBF43356}.Release|Any CPU.Build.0 = Release|Any CPU
		{DEBE8728-8A5A-423B-A4D1-F8060BD23799}.Debug|Any CPU.ActiveCfg = Debug|Any CPU
		{DEBE8728-8A5A-423B-A4D1-F8060BD23799}.Debug|Any CPU.Build.0 = Debug|Any CPU
		{DEBE8728-8A5A-423B-A4D1-F8060BD23799}.Release|Any CPU.ActiveCfg = Release|Any CPU
		{DEBE8728-8A5A-423B-A4D1-F8060BD23799}.Release|Any CPU.Build.0 = Release|Any CPU
		{0354C00C-9E82-4E8C-A01B-8A8F4382A229}.Debug|Any CPU.ActiveCfg = Debug|Any CPU
		{0354C00C-9E82-4E8C-A01B-8A8F4382A229}.Debug|Any CPU.Build.0 = Debug|Any CPU
		{0354C00C-9E82-4E8C-A01B-8A8F4382A229}.Release|Any CPU.ActiveCfg = Release|Any CPU
		{0354C00C-9E82-4E8C-A01B-8A8F4382A229}.Release|Any CPU.Build.0 = Release|Any CPU
		{7318A0DD-55E3-45EB-8649-A82E41F1FBC2}.Debug|Any CPU.ActiveCfg = Debug|Any CPU
		{7318A0DD-55E3-45EB-8649-A82E41F1FBC2}.Debug|Any CPU.Build.0 = Debug|Any CPU
		{7318A0DD-55E3-45EB-8649-A82E41F1FBC2}.Release|Any CPU.ActiveCfg = Release|Any CPU
		{7318A0DD-55E3-45EB-8649-A82E41F1FBC2}.Release|Any CPU.Build.0 = Release|Any CPU
		{3FBF65EA-7EA6-4DE4-80A7-0556CC7CBA97}.Debug|Any CPU.ActiveCfg = Debug|Any CPU
		{3FBF65EA-7EA6-4DE4-80A7-0556CC7CBA97}.Debug|Any CPU.Build.0 = Debug|Any CPU
		{3FBF65EA-7EA6-4DE4-80A7-0556CC7CBA97}.Release|Any CPU.ActiveCfg = Release|Any CPU
		{3FBF65EA-7EA6-4DE4-80A7-0556CC7CBA97}.Release|Any CPU.Build.0 = Release|Any CPU
		{671B330B-5C5C-43A6-8472-988C7E612AF8}.Debug|Any CPU.ActiveCfg = Debug|Any CPU
		{671B330B-5C5C-43A6-8472-988C7E612AF8}.Debug|Any CPU.Build.0 = Debug|Any CPU
		{671B330B-5C5C-43A6-8472-988C7E612AF8}.Release|Any CPU.ActiveCfg = Release|Any CPU
		{671B330B-5C5C-43A6-8472-988C7E612AF8}.Release|Any CPU.Build.0 = Release|Any CPU
		{83DFB0E4-0E16-4069-86AE-48636E7CC0F6}.Debug|Any CPU.ActiveCfg = Debug|Any CPU
		{83DFB0E4-0E16-4069-86AE-48636E7CC0F6}.Debug|Any CPU.Build.0 = Debug|Any CPU
		{83DFB0E4-0E16-4069-86AE-48636E7CC0F6}.Release|Any CPU.ActiveCfg = Release|Any CPU
		{83DFB0E4-0E16-4069-86AE-48636E7CC0F6}.Release|Any CPU.Build.0 = Release|Any CPU
		{F63A08F5-2CCF-4378-9D91-A7C2D4879280}.Debug|Any CPU.ActiveCfg = Debug|Any CPU
		{F63A08F5-2CCF-4378-9D91-A7C2D4879280}.Debug|Any CPU.Build.0 = Debug|Any CPU
		{F63A08F5-2CCF-4378-9D91-A7C2D4879280}.Release|Any CPU.ActiveCfg = Release|Any CPU
		{F63A08F5-2CCF-4378-9D91-A7C2D4879280}.Release|Any CPU.Build.0 = Release|Any CPU
		{24D9FCE3-0E86-4530-B944-EA858DE80C40}.Debug|Any CPU.ActiveCfg = Debug|Any CPU
		{24D9FCE3-0E86-4530-B944-EA858DE80C40}.Debug|Any CPU.Build.0 = Debug|Any CPU
		{24D9FCE3-0E86-4530-B944-EA858DE80C40}.Release|Any CPU.ActiveCfg = Release|Any CPU
		{24D9FCE3-0E86-4530-B944-EA858DE80C40}.Release|Any CPU.Build.0 = Release|Any CPU
		{DC4C9534-078C-48EA-AD73-17FFC616D429}.Debug|Any CPU.ActiveCfg = Debug|Any CPU
		{DC4C9534-078C-48EA-AD73-17FFC616D429}.Debug|Any CPU.Build.0 = Debug|Any CPU
		{DC4C9534-078C-48EA-AD73-17FFC616D429}.Release|Any CPU.ActiveCfg = Release|Any CPU
		{DC4C9534-078C-48EA-AD73-17FFC616D429}.Release|Any CPU.Build.0 = Release|Any CPU
		{6F0002DC-57C6-4684-B6C4-57376D37694D}.Debug|Any CPU.ActiveCfg = Debug|Any CPU
		{6F0002DC-57C6-4684-B6C4-57376D37694D}.Debug|Any CPU.Build.0 = Debug|Any CPU
		{6F0002DC-57C6-4684-B6C4-57376D37694D}.Release|Any CPU.ActiveCfg = Release|Any CPU
		{6F0002DC-57C6-4684-B6C4-57376D37694D}.Release|Any CPU.Build.0 = Release|Any CPU
		{2CB01756-E293-4838-A085-192444FDD807}.Debug|Any CPU.ActiveCfg = Debug|Any CPU
		{2CB01756-E293-4838-A085-192444FDD807}.Debug|Any CPU.Build.0 = Debug|Any CPU
		{2CB01756-E293-4838-A085-192444FDD807}.Release|Any CPU.ActiveCfg = Release|Any CPU
		{2CB01756-E293-4838-A085-192444FDD807}.Release|Any CPU.Build.0 = Release|Any CPU
		{59A8C57D-7374-482B-A315-481797D3FA87}.Debug|Any CPU.ActiveCfg = Debug|Any CPU
		{59A8C57D-7374-482B-A315-481797D3FA87}.Debug|Any CPU.Build.0 = Debug|Any CPU
		{59A8C57D-7374-482B-A315-481797D3FA87}.Release|Any CPU.ActiveCfg = Release|Any CPU
		{59A8C57D-7374-482B-A315-481797D3FA87}.Release|Any CPU.Build.0 = Release|Any CPU
		{C77F89C2-D433-4362-9EF8-D811790D8943}.Debug|Any CPU.ActiveCfg = Debug|Any CPU
		{C77F89C2-D433-4362-9EF8-D811790D8943}.Debug|Any CPU.Build.0 = Debug|Any CPU
		{C77F89C2-D433-4362-9EF8-D811790D8943}.Release|Any CPU.ActiveCfg = Release|Any CPU
		{C77F89C2-D433-4362-9EF8-D811790D8943}.Release|Any CPU.Build.0 = Release|Any CPU
		{5CDB4F18-44D8-40D1-AAF6-E45B4CA1653C}.Debug|Any CPU.ActiveCfg = Debug|Any CPU
		{5CDB4F18-44D8-40D1-AAF6-E45B4CA1653C}.Debug|Any CPU.Build.0 = Debug|Any CPU
		{5CDB4F18-44D8-40D1-AAF6-E45B4CA1653C}.Release|Any CPU.ActiveCfg = Release|Any CPU
		{5CDB4F18-44D8-40D1-AAF6-E45B4CA1653C}.Release|Any CPU.Build.0 = Release|Any CPU
		{097F18EB-AC4A-48CC-92A8-15EBC459B162}.Debug|Any CPU.ActiveCfg = Debug|Any CPU
		{097F18EB-AC4A-48CC-92A8-15EBC459B162}.Debug|Any CPU.Build.0 = Debug|Any CPU
		{097F18EB-AC4A-48CC-92A8-15EBC459B162}.Release|Any CPU.ActiveCfg = Release|Any CPU
		{097F18EB-AC4A-48CC-92A8-15EBC459B162}.Release|Any CPU.Build.0 = Release|Any CPU
		{CD90AC54-1101-4AE0-99A7-83C1F0E35E4D}.Debug|Any CPU.ActiveCfg = Debug|Any CPU
		{CD90AC54-1101-4AE0-99A7-83C1F0E35E4D}.Debug|Any CPU.Build.0 = Debug|Any CPU
		{CD90AC54-1101-4AE0-99A7-83C1F0E35E4D}.Release|Any CPU.ActiveCfg = Release|Any CPU
		{CD90AC54-1101-4AE0-99A7-83C1F0E35E4D}.Release|Any CPU.Build.0 = Release|Any CPU
		{440282DB-E4A8-46FF-A0E5-9B309EB30019}.Debug|Any CPU.ActiveCfg = Debug|Any CPU
		{440282DB-E4A8-46FF-A0E5-9B309EB30019}.Debug|Any CPU.Build.0 = Debug|Any CPU
		{440282DB-E4A8-46FF-A0E5-9B309EB30019}.Release|Any CPU.ActiveCfg = Release|Any CPU
		{440282DB-E4A8-46FF-A0E5-9B309EB30019}.Release|Any CPU.Build.0 = Release|Any CPU
		{F4520C52-794D-4D02-905E-1985F0903670}.Debug|Any CPU.ActiveCfg = Debug|Any CPU
		{F4520C52-794D-4D02-905E-1985F0903670}.Debug|Any CPU.Build.0 = Debug|Any CPU
		{F4520C52-794D-4D02-905E-1985F0903670}.Release|Any CPU.ActiveCfg = Release|Any CPU
		{F4520C52-794D-4D02-905E-1985F0903670}.Release|Any CPU.Build.0 = Release|Any CPU
		{7A9D7024-E934-4FE3-B9EC-35B9C6582D4C}.Debug|Any CPU.ActiveCfg = Debug|Any CPU
		{7A9D7024-E934-4FE3-B9EC-35B9C6582D4C}.Debug|Any CPU.Build.0 = Debug|Any CPU
		{7A9D7024-E934-4FE3-B9EC-35B9C6582D4C}.Release|Any CPU.ActiveCfg = Release|Any CPU
		{7A9D7024-E934-4FE3-B9EC-35B9C6582D4C}.Release|Any CPU.Build.0 = Release|Any CPU
		{B3C4E2D4-4BE6-4A5D-A443-DE51B14F6991}.Debug|Any CPU.ActiveCfg = Debug|Any CPU
		{B3C4E2D4-4BE6-4A5D-A443-DE51B14F6991}.Debug|Any CPU.Build.0 = Debug|Any CPU
		{B3C4E2D4-4BE6-4A5D-A443-DE51B14F6991}.Release|Any CPU.ActiveCfg = Release|Any CPU
		{B3C4E2D4-4BE6-4A5D-A443-DE51B14F6991}.Release|Any CPU.Build.0 = Release|Any CPU
		{07A11092-281A-4CF3-9E94-8CDF9AECDC53}.Debug|Any CPU.ActiveCfg = Debug|Any CPU
		{07A11092-281A-4CF3-9E94-8CDF9AECDC53}.Debug|Any CPU.Build.0 = Debug|Any CPU
		{07A11092-281A-4CF3-9E94-8CDF9AECDC53}.Release|Any CPU.ActiveCfg = Release|Any CPU
		{07A11092-281A-4CF3-9E94-8CDF9AECDC53}.Release|Any CPU.Build.0 = Release|Any CPU
		{035BC285-3613-49D5-A660-CF2CDFA88C6E}.Debug|Any CPU.ActiveCfg = Debug|Any CPU
		{035BC285-3613-49D5-A660-CF2CDFA88C6E}.Debug|Any CPU.Build.0 = Debug|Any CPU
		{035BC285-3613-49D5-A660-CF2CDFA88C6E}.Release|Any CPU.ActiveCfg = Release|Any CPU
		{035BC285-3613-49D5-A660-CF2CDFA88C6E}.Release|Any CPU.Build.0 = Release|Any CPU
		{C978FD09-0696-4A62-9428-1A63E89F095A}.Debug|Any CPU.ActiveCfg = Debug|Any CPU
		{C978FD09-0696-4A62-9428-1A63E89F095A}.Debug|Any CPU.Build.0 = Debug|Any CPU
		{C978FD09-0696-4A62-9428-1A63E89F095A}.Release|Any CPU.ActiveCfg = Release|Any CPU
		{C978FD09-0696-4A62-9428-1A63E89F095A}.Release|Any CPU.Build.0 = Release|Any CPU
		{5BC34CA5-4F59-4790-95CB-F716C0B02338}.Debug|Any CPU.ActiveCfg = Debug|Any CPU
		{5BC34CA5-4F59-4790-95CB-F716C0B02338}.Debug|Any CPU.Build.0 = Debug|Any CPU
		{5BC34CA5-4F59-4790-95CB-F716C0B02338}.Release|Any CPU.ActiveCfg = Release|Any CPU
		{5BC34CA5-4F59-4790-95CB-F716C0B02338}.Release|Any CPU.Build.0 = Release|Any CPU
		{D0FDDDB0-5679-44A3-A663-687D8D118940}.Debug|Any CPU.ActiveCfg = Debug|Any CPU
		{D0FDDDB0-5679-44A3-A663-687D8D118940}.Debug|Any CPU.Build.0 = Debug|Any CPU
		{D0FDDDB0-5679-44A3-A663-687D8D118940}.Release|Any CPU.ActiveCfg = Release|Any CPU
		{D0FDDDB0-5679-44A3-A663-687D8D118940}.Release|Any CPU.Build.0 = Release|Any CPU
		{D08B1339-73C7-419D-B2D0-8005B9C474EA}.Debug|Any CPU.ActiveCfg = Debug|Any CPU
		{D08B1339-73C7-419D-B2D0-8005B9C474EA}.Debug|Any CPU.Build.0 = Debug|Any CPU
		{D08B1339-73C7-419D-B2D0-8005B9C474EA}.Release|Any CPU.ActiveCfg = Release|Any CPU
		{D08B1339-73C7-419D-B2D0-8005B9C474EA}.Release|Any CPU.Build.0 = Release|Any CPU
	EndGlobalSection
	GlobalSection(SolutionProperties) = preSolution
		HideSolutionNode = FALSE
	EndGlobalSection
EndGlobal
